
Microsoft Visual Studio Solution File, Format Version 12.00
# Visual Studio 15
VisualStudioVersion = 15.0.27705.2000
MinimumVisualStudioVersion = 10.0.40219.1
Project("{FAE04EC0-301F-11D3-BF4B-00C04F79EFBC}") = "Store.web", "Store.web\Store.web.csproj", "{8BA53539-F679-4277-843F-DA32F6FB7F23}"
EndProject
Project("{FAE04EC0-301F-11D3-BF4B-00C04F79EFBC}") = "Store.Model", "Store.Model\Store.Model.csproj", "{ED1007B2-1F19-4A8B-8B98-1E24B4B4CF2B}"
EndProject
Project("{FAE04EC0-301F-11D3-BF4B-00C04F79EFBC}") = "Store.Data", "Store.Data\Store.Data.csproj", "{EA59312B-B184-4ED6-A452-86B9F6B0F499}"
EndProject
Project("{FAE04EC0-301F-11D3-BF4B-00C04F79EFBC}") = "Store.Service", "Store.Service\Store.Service.csproj", "{0D43E4C1-152D-422B-9177-4E7FD1040411}"
EndProject
Global
	GlobalSection(SolutionConfigurationPlatforms) = preSolution
		Debug|Any CPU = Debug|Any CPU
		Release|Any CPU = Release|Any CPU
	EndGlobalSection
	GlobalSection(ProjectConfigurationPlatforms) = postSolution
		{8BA53539-F679-4277-843F-DA32F6FB7F23}.Debug|Any CPU.ActiveCfg = Debug|Any CPU
		{8BA53539-F679-4277-843F-DA32F6FB7F23}.Debug|Any CPU.Build.0 = Debug|Any CPU
		{8BA53539-F679-4277-843F-DA32F6FB7F23}.Release|Any CPU.ActiveCfg = Release|Any CPU
		{8BA53539-F679-4277-843F-DA32F6FB7F23}.Release|Any CPU.Build.0 = Release|Any CPU
		{ED1007B2-1F19-4A8B-8B98-1E24B4B4CF2B}.Debug|Any CPU.ActiveCfg = Debug|Any CPU
		{ED1007B2-1F19-4A8B-8B98-1E24B4B4CF2B}.Debug|Any CPU.Build.0 = Debug|Any CPU
		{ED1007B2-1F19-4A8B-8B98-1E24B4B4CF2B}.Release|Any CPU.ActiveCfg = Release|Any CPU
		{ED1007B2-1F19-4A8B-8B98-1E24B4B4CF2B}.Release|Any CPU.Build.0 = Release|Any CPU
		{EA59312B-B184-4ED6-A452-86B9F6B0F499}.Debug|Any CPU.ActiveCfg = Debug|Any CPU
		{EA59312B-B184-4ED6-A452-86B9F6B0F499}.Debug|Any CPU.Build.0 = Debug|Any CPU
		{EA59312B-B184-4ED6-A452-86B9F6B0F499}.Release|Any CPU.ActiveCfg = Release|Any CPU
		{EA59312B-B184-4ED6-A452-86B9F6B0F499}.Release|Any CPU.Build.0 = Release|Any CPU
		{0D43E4C1-152D-422B-9177-4E7FD1040411}.Debug|Any CPU.ActiveCfg = Debug|Any CPU
		{0D43E4C1-152D-422B-9177-4E7FD1040411}.Debug|Any CPU.Build.0 = Debug|Any CPU
		{0D43E4C1-152D-422B-9177-4E7FD1040411}.Release|Any CPU.ActiveCfg = Release|Any CPU
		{0D43E4C1-152D-422B-9177-4E7FD1040411}.Release|Any CPU.Build.0 = Release|Any CPU
	EndGlobalSection
	GlobalSection(SolutionProperties) = preSolution
		HideSolutionNode = FALSE
	EndGlobalSection
	GlobalSection(ExtensibilityGlobals) = postSolution
		SolutionGuid = {7194D2F1-1E5E-4840-B114-8AA4C1E6C253}
	EndGlobalSection
EndGlobal
